
Microsoft Visual Studio Solution File, Format Version 12.00
# Visual Studio Version 16
VisualStudioVersion = 16.0.29911.84
MinimumVisualStudioVersion = 10.0.40219.1
Project("{FAE04EC0-301F-11D3-BF4B-00C04F79EFBC}") = "Ввод пароля", "Check_Password\Ввод пароля.csproj", "{C5BFD833-E736-4CE9-B5ED-0F731DCE9DF8}"
EndProject
Global
	GlobalSection(SolutionConfigurationPlatforms) = preSolution
		Debug|Any CPU = Debug|Any CPU
		Release|Any CPU = Release|Any CPU
	EndGlobalSection
	GlobalSection(ProjectConfigurationPlatforms) = postSolution
		{C5BFD833-E736-4CE9-B5ED-0F731DCE9DF8}.Debug|Any CPU.ActiveCfg = Debug|Any CPU
		{C5BFD833-E736-4CE9-B5ED-0F731DCE9DF8}.Debug|Any CPU.Build.0 = Debug|Any CPU
		{C5BFD833-E736-4CE9-B5ED-0F731DCE9DF8}.Release|Any CPU.ActiveCfg = Release|Any CPU
		{C5BFD833-E736-4CE9-B5ED-0F731DCE9DF8}.Release|Any CPU.Build.0 = Release|Any CPU
	EndGlobalSection
	GlobalSection(SolutionProperties) = preSolution
		HideSolutionNode = FALSE
	EndGlobalSection
	GlobalSection(ExtensibilityGlobals) = postSolution
		SolutionGuid = {2A41E0EB-8EB5-43DB-BBB3-51285FC8AD3B}
	EndGlobalSection
EndGlobal
